github.com/DATA-DOG/godog v0.7.13 h1:JmgpKcra7Vf3yzI9vPsWyoQRx13tyKziHtXWDCUUgok=
github.com/DATA-DOG/godog v0.7.13/go.mod h1:z2OZ6a3X0/YAKVqLfVzYBwFt3j6uSt3Xrqa7XTtcQE0=
github.com/antzucaro/matchr v0.0.0-20180616170659-cbc221335f3c h1:CucViv7orgFBMkehuFFdkCVF5ERovbkRRyhvaYaHu/k=
github.com/antzucaro/matchr v0.0.0-20180616170659-cbc221335f3c/go.mod h1:bV/CkX4+ANGDaBwbHkt9kK287al/i9BsB18PRBvyqYo=
github.com/aslakhellesoy/gox v0.4.0/go.mod h1:eWI5kaukwHdXWzQ7Hhfbb/F2NSO+VCPHIcsovzQd2sY=
github.com/aslakhellesoy/gox v1.0.100/go.mod h1:AJl542QsKKG96COVsv0N74HHzVQgDIQPceVUh1aeU2M=
github.com/cucumber/cucumber-messages-go/v2 v2.0.0 h1:hc6z72JFAOBCvvyarcPkY8mJltpgmlUN4eBTdmOjnqQ=
github.com/cucumber/cucumber-messages-go/v2 v2.0.0/go.mod h1:gcqqQ2QDOn2kUqcrzQ0Py6Tpks0SJTKbBzU2KetX/C8=
github.com/cucumber/cucumber-messages-go/v7 v7.0.0/go.mod h1:6KOqKG8J9I5GWH/hr2ZumTE9FgoMPcJk81GXi3BiDFc=
github.com/cucumber/gherkin-go v0.0.0-20181022222825-04ff9f06a694 h1:EW367w/pmOkc5d9Q/pDY0W/QOGK9laIosSbRkgcM/uo=
github.com/cucumber/gherkin-go v0.0.0-20181022222825-04ff9f06a694/go.mod h1:vZnAEQplhpjcFx1yzDcqmtgkvygC0aclXfO+B9rBJAE=
github.com/cucumber/gherkin-go v5.1.0+incompatible h1:RCvyVI6KQLI2IJkijZBeJcE4K3U7DnhQ1RjD7VV+AIk=
github.com/cucumber/gherkin-go v5.1.0+incompatible/go.mod h1:bYJ65F+CDEAL70FXAu7/ef4ayC/NhRXO8zEW3IB21w0=
github.com/cucumber/gherkin-go/v8 v8.2.1+incompatible/go.mod h1:4JlPa/T6F3/778CBsSLpkhOfxSkJ0pve7UufgLrFzmY=
github.com/davecgh/go-spew v1.1.0/go.mod h1:J7Y8YcW2NihsgmVo/mv3lAwl/skON4iLHjSsI+c5H38=
github.com/davecgh/go-spew v1.1.1 h1:vj9j/u1bqnvCEfJOwUhtlOARqs3+rkHYY13jYWTU97c=
github.com/davecgh/go-spew v1.1.1/go.mod h1:J7Y8YcW2NihsgmVo/mv3lAwl/skON4iLHjSsI+c5H38=
github.com/endiangroup/gitest v0.0.0-20181129112818-8bd9873832d2 h1:4uvhYFxOOwowfkRbH+GbkNO5Oi4dZ6gH13g+dagSY74=
github.com/endiangroup/gitest v0.0.0-20181129112818-8bd9873832d2/go.mod h1:duMyF1KOIy66NKiDhA3+m4t4MZB//0fBZVsI+r6cJFQ=
github.com/endiangroup/pretty-formatter-go v0.0.0-20200412175208-99fc86d6539f h1:fV5LOG1DlGc7xsq+w+D5xaORSXRfSAWNYVD24VT8s90=
github.com/endiangroup/pretty-formatter-go v0.0.0-20200412175208-99fc86d6539f/go.mod h1:mUOel2db21VaFISGFwXcdGoyHlwY4UZidcR1m24k2+o=
github.com/endiangroup/snaptest v0.0.0-20180313142837-2524ada5b728 h1:iuxC0U7oE56/TrhPI03MkQVMVZqehmYTPLMcDOw1fhg=
github.com/endiangroup/snaptest v0.0.0-20180313142837-2524ada5b728/go.mod h1:AroReQgLqRx4FpAS2JyrR3qiDHE7UHcRWkm9VE2ixTI=
github.com/fatih/color v1.7.0/go.mod h1:Zm6kSWBoL9eyXnKyktHP6abPY2pDugNf5KwzbycvMj4=
github.com/gofrs/uuid v3.2.0+incompatible/go.mod h1:b2aQJv3Z4Fp6yNu3cdSllBxTCLRxnplIgP/c0N/04lM=
github.com/gogo/protobuf v1.1.1 h1:72R+M5VuhED/KujmZVcIquuo8mBgX4oVda//DQb3PXo=
github.com/gogo/protobuf v1.1.1/go.mod h1:r8qH/GZQm5c6nD/R0oafs1akxWv10x8SbQlK7atdtwQ=
github.com/gogo/protobuf v1.3.1 h1:DqDEcV5aeaTmdFBePNpYsp3FlcVH/2ISVVM9Qf8PSls=
github.com/gogo/protobuf v1.3.1/go.mod h1:SlYgWuQ5SjCEi6WLHjHCa1yvBfUnHcTbrrZtXPKa29o=
github.com/golang/protobuf v1.2.0/go.mod h1:6lQm79b+lXiMfvg/cZm0SGofjICqVBUtrP5yJMmIC1U=
github.com/hashicorp/go-version v1.0.0/go.mod h1:fltr4n8CU8Ke44wwGCBoEymUuxUHl09ZGVZPK5anwXA=
github.com/heroku/pat v0.0.0-20141001185247-95f5f62e9694 h1:o+Sn+q49hJ4xd4vaq20O+zNMoDS4RzXjNbPVzTgHV/s=
github.com/heroku/pat v0.0.0-20141001185247-95f5f62e9694/go.mod h1:WcNZz/1+5swQ0+U95XdjAVBF4ANKhGBfKRVOqbVYxGM=
github.com/inconshreveable/mousetrap v1.0.0/go.mod h1:PxqpIevigyE2G7u3NXJIT2ANytuPF1OarO4DADm73n8=
github.com/kisielk/errcheck v1.2.0/go.mod h1:/BMXB+zMLi60iA8Vv6Ksmxu/1UDYcXs4uQLJ+jE2L00=
github.com/kisielk/gotool v1.0.0/go.mod h1:XhKaO+MFFWcvkIS/tQcRk01m1F5IRFswLeQ+oQHNcck=
github.com/kr/pretty v0.1.0/go.mod h1:dAy3ld7l9f0ibDNOQOHHMYYIIbhfbHSm3C4ZsoJORNo=
github.com/kr/pty v1.1.1/go.mod h1:pFQYn66WHrOpPYNljwOMqo10TkYh1fy3cYio2l3bCsQ=
github.com/kr/text v0.1.0/go.mod h1:4Jbv+DJW3UT/LiOwJeYQe1efqtUx/iVham/4vfdArNI=
github.com/mattn/go-colorable v0.0.9/go.mod h1:9vuHe8Xs5qXnSaW/c/ABM9alt+Vo+STaOChaDxuIBZU=
github.com/mattn/go-isatty v0.0.4/go.mod h1:M+lRXTBqGeGNdLjl/ufCoiOlB5xdOkqRJdNxMWT7Zi4=
github.com/mitchellh/iochan v1.0.0/go.mod h1:JwYml1nuB7xOzsp52dPpHFffvOCDupsG0QubkSMEySY=
github.com/pmezard/go-difflib v1.0.0 h1:4DBwDE0NGyQoBHbLQYPwSUPoCMWR5BEzIk/f1lZbAQM=
github.com/pmezard/go-difflib v1.0.0/go.mod h1:iKH77koFhYxTK1pcRnkKkqfTogsbg7gZNVY4sRDYZ/4=
github.com/sanity-io/litter v1.1.0 h1:BllcKWa3VbZmOZbDCoszYLk7zCsKHz5Beossi8SUcTc=
github.com/sanity-io/litter v1.1.0/go.mod h1:CJ0VCw2q4qKU7LaQr3n7UOSHzgEMgcGco7N/SkZQPjw=
github.com/spf13/afero v1.1.2 h1:m8/z1t7/fwjysjQRYbP0RD+bUIF/8tJwPdEZsI83ACI=
github.com/spf13/afero v1.1.2/go.mod h1:j4pytiNVoe2o6bmDsKpLACNPDBIoEAkihy7loJ1B0CQ=
github.com/spf13/cobra v0.0.3 h1:ZlrZ4XsMRm04Fr5pSFxBgfND2EBVa1nLpiy1stUsX/8=
github.com/spf13/cobra v0.0.3/go.mod h1:1l0Ry5zgKvJasoi3XT1TypsSe7PqH0Sj9dhYf7v3XqQ=
github.com/spf13/pflag v1.0.2 h1:Fy0orTDgHdbnzHcsOgfCN4LtHf0ec3wwtiwJqwvf3Gc=
github.com/spf13/pflag v1.0.2/go.mod h1:DYY7MBk1bdzusC3SYhjObp+wFpr4gzcvqqNjLnInEg4=
github.com/stretchr/objx v0.1.0/go.mod h1:HFkY916IF+rwdDfMAkV7OtwuqBVzrE8GR6GFx+wExME=
github.com/stretchr/objx v0.1.1 h1:2vfRuCMp5sSVIDSqO8oNnWJq7mPa6KVP3iPIwFBuy8A=
github.com/stretchr/objx v0.1.1/go.mod h1:HFkY916IF+rwdDfMAkV7OtwuqBVzrE8GR6GFx+wExME=
github.com/stretchr/testify v1.2.2 h1:bSDNvY7ZPG5RlJ8otE/7V6gMiyenm9RtJ7IUVIAoJ1w=
github.com/stretchr/testify v1.2.2/go.mod h1:a8OnRcib4nhh0OaRAV+Yts87kKdq0PP7pXfy6kDkUVs=
github.com/stretchr/testify v1.4.0 h1:2E4SXV/wtOkTonXsotYi4li6zVWxYlZuYNCXe9XRJyk=
github.com/stretchr/testify v1.4.0/go.mod h1:j7eGeouHqKxXV5pUuKE4zz7dFj8WfuZ+81PSLYec5m4=
golang.org/x/text v0.3.0 h1:g61tztE5qeGQ89tm6NTjjM9VPIm088od1l6aSorWRWg=
golang.org/x/text v0.3.0/go.mod h1:NqM8EUOU14njkJ3fqMW+pc6Ldnwhi/IjpwHt7yyuwOQ=
golang.org/x/tools v0.0.0-20181030221726-6c7e314b6563/go.mod h1:n7NCudcB/nEzxVGmLbDWY5pfWTLqBcC2KZ6jyYvM4mQ=
gopkg.in/check.v1 v0.0.0-20161208181325-20d25e280405/go.mod h1:Co6ibVJAznAaIkqp8huTwlJQCZ016jof/cbN4VW5Yz0=
gopkg.in/check.v1 v1.0.0-20190902080502-41f04d3bba15/go.mod h1:Co6ibVJAznAaIkqp8huTwlJQCZ016jof/cbN4VW5Yz0=
gopkg.in/yaml.v2 v2.2.2/go.mod h1:hI93XBmqTisBFMUTm0b8Fm+jr3Dg1NNxqwp+5A1VGuI=
gopkg.in/yaml.v2 v2.2.5/go.mod h1:hI93XBmqTisBFMUTm0b8Fm+jr3Dg1NNxqwp+5A1VGuI=
gopkg.in/yaml.v2 v2.2.7 h1:VUgggvou5XRW9mHwD/yXxIYSMtY0zoKQf/v226p2nyo=
gopkg.in/yaml.v2 v2.2.7/go.mod h1:hI93XBmqTisBFMUTm0b8Fm+jr3Dg1NNxqwp+5A1VGuI=
