# This file is autogenerated, do not edit; changes may be undone by the next 'dep ensure'.


[[projects]]
  digest = "1:63e35f61c1d659416dc2d27d873689a9aef81701fd077fa4686e3d6edccac3dc"
  name = "github.com/DATA-DOG/godog"
  packages = [
    ".",
    "colors",
    "gherkin",
  ]
  pruneopts = "UT"
  revision = "0371765570d36374bef4ab9f62ed0491f0862a3c"
  version = "v0.7.6"

[[projects]]
  digest = "1:c77e3e35960e9aeda8f3a3ad17c778b9e898cdd5d6eb907e8d7f870baed91105"
  name = "github.com/cucumber/cucumber-messages-go"
  packages = ["v2"]
  pruneopts = "UT"
  revision = "0512577f4d68b9c760b05d05f87f22e60c0d53d8"
  version = "v2.1.1"

[[projects]]
  digest = "1:e34af935a388775bf3e123102b663740adcefa4935f55881c915c1789292cb22"
  name = "github.com/cucumber/gherkin-go"
  packages = ["."]
  pruneopts = "UT"
  revision = "f732235a1dbe09fd6fd5164a59f46f9d8496dbf9"
  version = "v6.0.15"

[[projects]]
  digest = "1:ffe9824d294da03b391f44e1ae8281281b4afc1bdaa9588c9097785e3af10cec"
  name = "github.com/davecgh/go-spew"
  packages = ["spew"]
  pruneopts = "UT"
  revision = "8991bc29aa16c548c550c7ff78260e27b9ab7c73"
  version = "v1.1.1"

[[projects]]
  branch = "master"
  digest = "1:32297b8fdeb42ba4ace38e9d9bd1325aa35d2f715f53fb1d90a683c92864ef4c"
  name = "github.com/endiangroup/pretty-formatter-go"
  packages = ["."]
  pruneopts = "UT"
  revision = "11cde72238f557e2f52052ed42bf18baa11ea330"

[[projects]]
  branch = "master"
  digest = "1:9f5edbc39ddd0d1ca8c1f007dd9d7e908924c3d75f6a68b80573a4a9bfcf2cdf"
  name = "github.com/endiangroup/snaptest"
  packages = ["."]
  pruneopts = "UT"
  revision = "2524ada5b7284ba268711456cd205482f92011c8"

[[projects]]
  digest = "1:cda5c079f622734322f6e198c53078e768e797104908060a11e1f8837f677e97"
  name = "github.com/gogo/protobuf"
  packages = [
    "io",
    "jsonpb",
    "proto",
    "sortkeys",
    "types",
  ]
  pruneopts = "UT"
  revision = "636bf0302bc95575d69441b25a2603156ffdddf1"
  version = "v1.1.1"

[[projects]]
  digest = "1:870d441fe217b8e689d7949fef6e43efbc787e50f200cb1e70dbca9204a1d6be"
  name = "github.com/inconshreveable/mousetrap"
  packages = ["."]
  pruneopts = "UT"
  revision = "76626ae9c91c4f2a10f34cad8ce83ea42c93bb75"
  version = "v1.0"

[[projects]]
  digest = "1:0028cb19b2e4c3112225cd871870f2d9cf49b9b4276531f03438a88e94be86fe"
  name = "github.com/pmezard/go-difflib"
  packages = ["difflib"]
  pruneopts = "UT"
  revision = "792786c7400a136282c1664665ae0a8db921c6c2"
  version = "v1.0.0"

[[projects]]
  digest = "1:3265b6b251e076aa31b46c3b58cf55670818be301024d29bc5de35f1ca9790c7"
  name = "github.com/sanity-io/litter"
  packages = ["."]
  pruneopts = "UT"
  revision = "ae543b7ba8fd6af63e4976198f146e1348ae53c1"
  version = "v1.1.0"

[[projects]]
  digest = "1:2b97fd8c3ebafa161b3cf34948a0dd7d1ec27ab3fed686eb3639ead64344e9e6"
  name = "github.com/schollz/closestmatch"
  packages = ["."]
  pruneopts = "UT"
  revision = "56fb6b15a5e88fbcbc21b196488e749fc176514c"
  version = "v2.1.0"

[[projects]]
  digest = "1:6a4a11ba764a56d2758899ec6f3848d24698d48442ebce85ee7a3f63284526cd"
  name = "github.com/spf13/afero"
  packages = [
    ".",
    "mem",
  ]
  pruneopts = "UT"
  revision = "d40851caa0d747393da1ffb28f7f9d8b4eeffebd"
  version = "v1.1.2"

[[projects]]
  digest = "1:645cabccbb4fa8aab25a956cbcbdf6a6845ca736b2c64e197ca7cbb9d210b939"
  name = "github.com/spf13/cobra"
  packages = ["."]
  pruneopts = "UT"
  revision = "ef82de70bb3f60c65fb8eebacbb2d122ef517385"
  version = "v0.0.3"

[[projects]]
  digest = "1:dab83a1bbc7ad3d7a6ba1a1cc1760f25ac38cdf7d96a5cdd55cd915a4f5ceaf9"
  name = "github.com/spf13/pflag"
  packages = ["."]
  pruneopts = "UT"
  revision = "9a97c102cda95a86cec2345a6f09f55a939babf5"
  version = "v1.0.2"

[[projects]]
  digest = "1:ac83cf90d08b63ad5f7e020ef480d319ae890c208f8524622a2f3136e2686b02"
  name = "github.com/stretchr/objx"
  packages = ["."]
  pruneopts = "UT"
  revision = "477a77ecc69700c7cdeb1fa9e129548e1c1c393c"
  version = "v0.1.1"

[[projects]]
  digest = "1:cf4fdb98e23a565bd82473027d37512a3d5b186fba3a1895d7e8401d8ce3ffe1"
  name = "github.com/stretchr/testify"
  packages = [
    "assert",
    "mock",
    "require",
  ]
  pruneopts = "UT"
  revision = "f35b8ab0b5a2cef36673838d662e249dd9c94686"
  version = "v1.2.2"

[[projects]]
  digest = "1:8029e9743749d4be5bc9f7d42ea1659471767860f0cdc34d37c3111bd308a295"
  name = "golang.org/x/text"
  packages = [
    "internal/gen",
    "internal/triegen",
    "internal/ucd",
    "transform",
    "unicode/cldr",
    "unicode/norm",
  ]
  pruneopts = "UT"
  revision = "f21a4dfb5e38f5895301dc265a8def02365cc3d0"
  version = "v0.3.0"

[solve-meta]
  analyzer-name = "dep"
  analyzer-version = 1
  input-imports = [
    "github.com/DATA-DOG/godog",
    "github.com/DATA-DOG/godog/gherkin",
    "github.com/cucumber/gherkin-go",
    "github.com/endiangroup/pretty-formatter-go",
    "github.com/endiangroup/snaptest",
    "github.com/schollz/closestmatch",
    "github.com/spf13/afero",
    "github.com/spf13/cobra",
    "github.com/stretchr/testify/assert",
    "github.com/stretchr/testify/mock",
    "github.com/stretchr/testify/require",
  ]
  solver-name = "gps-cdcl"
  solver-version = 1
