# This file is autogenerated, do not edit; changes may be undone by the next 'dep ensure'.


[[projects]]
  name = "github.com/DATA-DOG/godog"
  packages = [
    ".",
    "colors",
    "gherkin"
  ]
  revision = "0371765570d36374bef4ab9f62ed0491f0862a3c"
  version = "v0.7.6"

[[projects]]
  name = "github.com/spf13/afero"
  packages = [
    ".",
    "mem"
  ]
  revision = "d40851caa0d747393da1ffb28f7f9d8b4eeffebd"
  version = "v1.1.2"

[[projects]]
  name = "golang.org/x/text"
  packages = [
    "internal/gen",
    "internal/triegen",
    "internal/ucd",
    "transform",
    "unicode/cldr",
    "unicode/norm"
  ]
  revision = "f21a4dfb5e38f5895301dc265a8def02365cc3d0"
  version = "v0.3.0"

[solve-meta]
  analyzer-name = "dep"
  analyzer-version = 1
  inputs-digest = "357255e7e8e9ec137162f508230bebb10ce8318fa742f847bc5ba0a5c03aace9"
  solver-name = "gps-cdcl"
  solver-version = 1
